
Microsoft Visual Studio Solution File, Format Version 12.00
# Visual Studio Version 17
VisualStudioVersion = 17.0.31903.59
MinimumVisualStudioVersion = 10.0.40219.1
Project("{FAE04EC0-301F-11D3-BF4B-00C04F79EFBC}") = "SRdeckPlugin.Acars", "SRdeckPlugin.Acars\SRdeckPlugin.Acars.csproj", "{E7330675-51C4-4789-86BE-95FCDF94D700}"
EndProject
Project("{FAE04EC0-301F-11D3-BF4B-00C04F79EFBC}") = "SRdeckPlugin.AdsB", "SRdeckPlugin.AdsB\SRdeckPlugin.AdsB.csproj", "{6935CE43-F90B-403D-B953-2F9DFA31626A}"
EndProject
Project("{FAE04EC0-301F-11D3-BF4B-00C04F79EFBC}") = "SRdeckPlugin.Ais", "SRdeckPlugin.Ais\SRdeckPlugin.Ais.csproj", "{41F933B7-5131-4F54-9471-902AA7E62763}"
EndProject
Project("{FAE04EC0-301F-11D3-BF4B-00C04F79EFBC}") = "SRdeckPlugin.Analog", "SRdeckPlugin.Analog\SRdeckPlugin.Analog.csproj", "{554C805E-44A4-42FB-B4ED-920D20FCC897}"
EndProject
Project("{FAE04EC0-301F-11D3-BF4B-00C04F79EFBC}") = "SRdeckPlugin.Ft8", "SRdeckPlugin.Ft8\SRdeckPlugin.Ft8.csproj", "{AE5C5D61-0FB0-42DC-A2B9-5BC17EB79E13}"
EndProject
Project("{FAE04EC0-301F-11D3-BF4B-00C04F79EFBC}") = "SRdeckPlugin.Hfdl", "SRdeckPlugin.Hfdl\SRdeckPlugin.Hfdl.csproj", "{43B677D7-720B-42AD-A6AA-105F9C89D81B}"
EndProject
Project("{FAE04EC0-301F-11D3-BF4B-00C04F79EFBC}") = "SRdeckPlugin.Meshtastic", "SRdeckPlugin.Meshtastic\SRdeckPlugin.Meshtastic.csproj", "{0FEADD8A-5995-48F2-AE37-58584041D381}"
EndProject
Project("{FAE04EC0-301F-11D3-BF4B-00C04F79EFBC}") = "SRdeckPlugin.Vdl", "SRdeckPlugin.Vdl\SRdeckPlugin.Vdl.csproj", "{40DB447B-C268-49EB-B73D-FC5D89A4576F}"
EndProject
Project("{FAE04EC0-301F-11D3-BF4B-00C04F79EFBC}") = "SRdeckPlugin.WiSun", "SRdeckPlugin.WiSun\SRdeckPlugin.WiSun.csproj", "{6037D68A-4D7F-457C-9813-2585B632BFB8}"
EndProject
Global
	GlobalSection(SolutionConfigurationPlatforms) = preSolution
		Debug|Any CPU = Debug|Any CPU
		Debug|x64 = Debug|x64
		Debug|x86 = Debug|x86
		Release|Any CPU = Release|Any CPU
		Release|x64 = Release|x64
		Release|x86 = Release|x86
	EndGlobalSection
	GlobalSection(ProjectConfigurationPlatforms) = postSolution
		{E7330675-51C4-4789-86BE-95FCDF94D700}.Debug|Any CPU.ActiveCfg = Debug|x64
		{E7330675-51C4-4789-86BE-95FCDF94D700}.Debug|Any CPU.Build.0 = Debug|x64
		{E7330675-51C4-4789-86BE-95FCDF94D700}.Debug|x64.ActiveCfg = Debug|x64
		{E7330675-51C4-4789-86BE-95FCDF94D700}.Debug|x64.Build.0 = Debug|x64
		{E7330675-51C4-4789-86BE-95FCDF94D700}.Debug|x86.ActiveCfg = Debug|x64
		{E7330675-51C4-4789-86BE-95FCDF94D700}.Debug|x86.Build.0 = Debug|x64
		{E7330675-51C4-4789-86BE-95FCDF94D700}.Release|Any CPU.ActiveCfg = Release|x64
		{E7330675-51C4-4789-86BE-95FCDF94D700}.Release|Any CPU.Build.0 = Release|x64
		{E7330675-51C4-4789-86BE-95FCDF94D700}.Release|x64.ActiveCfg = Release|x64
		{E7330675-51C4-4789-86BE-95FCDF94D700}.Release|x64.Build.0 = Release|x64
		{E7330675-51C4-4789-86BE-95FCDF94D700}.Release|x86.ActiveCfg = Release|x64
		{E7330675-51C4-4789-86BE-95FCDF94D700}.Release|x86.Build.0 = Release|x64
		{6935CE43-F90B-403D-B953-2F9DFA31626A}.Debug|Any CPU.ActiveCfg = Debug|x64
		{6935CE43-F90B-403D-B953-2F9DFA31626A}.Debug|Any CPU.Build.0 = Debug|x64
		{6935CE43-F90B-403D-B953-2F9DFA31626A}.Debug|x64.ActiveCfg = Debug|x64
		{6935CE43-F90B-403D-B953-2F9DFA31626A}.Debug|x64.Build.0 = Debug|x64
		{6935CE43-F90B-403D-B953-2F9DFA31626A}.Debug|x86.ActiveCfg = Debug|x64
		{6935CE43-F90B-403D-B953-2F9DFA31626A}.Debug|x86.Build.0 = Debug|x64
		{6935CE43-F90B-403D-B953-2F9DFA31626A}.Release|Any CPU.ActiveCfg = Release|x64
		{6935CE43-F90B-403D-B953-2F9DFA31626A}.Release|Any CPU.Build.0 = Release|x64
		{6935CE43-F90B-403D-B953-2F9DFA31626A}.Release|x64.ActiveCfg = Release|x64
		{6935CE43-F90B-403D-B953-2F9DFA31626A}.Release|x64.Build.0 = Release|x64
		{6935CE43-F90B-403D-B953-2F9DFA31626A}.Release|x86.ActiveCfg = Release|x64
		{6935CE43-F90B-403D-B953-2F9DFA31626A}.Release|x86.Build.0 = Release|x64
		{41F933B7-5131-4F54-9471-902AA7E62763}.Debug|Any CPU.ActiveCfg = Debug|x64
		{41F933B7-5131-4F54-9471-902AA7E62763}.Debug|Any CPU.Build.0 = Debug|x64
		{41F933B7-5131-4F54-9471-902AA7E62763}.Debug|x64.ActiveCfg = Debug|x64
		{41F933B7-5131-4F54-9471-902AA7E62763}.Debug|x64.Build.0 = Debug|x64
		{41F933B7-5131-4F54-9471-902AA7E62763}.Debug|x86.ActiveCfg = Debug|x64
		{41F933B7-5131-4F54-9471-902AA7E62763}.Debug|x86.Build.0 = Debug|x64
		{41F933B7-5131-4F54-9471-902AA7E62763}.Release|Any CPU.ActiveCfg = Release|x64
		{41F933B7-5131-4F54-9471-902AA7E62763}.Release|Any CPU.Build.0 = Release|x64
		{41F933B7-5131-4F54-9471-902AA7E62763}.Release|x64.ActiveCfg = Release|x64
		{41F933B7-5131-4F54-9471-902AA7E62763}.Release|x64.Build.0 = Release|x64
		{41F933B7-5131-4F54-9471-902AA7E62763}.Release|x86.ActiveCfg = Release|x64
		{41F933B7-5131-4F54-9471-902AA7E62763}.Release|x86.Build.0 = Release|x64
		{554C805E-44A4-42FB-B4ED-920D20FCC897}.Debug|Any CPU.ActiveCfg = Debug|x64
		{554C805E-44A4-42FB-B4ED-920D20FCC897}.Debug|Any CPU.Build.0 = Debug|x64
		{554C805E-44A4-42FB-B4ED-920D20FCC897}.Debug|x64.ActiveCfg = Debug|x64
		{554C805E-44A4-42FB-B4ED-920D20FCC897}.Debug|x64.Build.0 = Debug|x64
		{554C805E-44A4-42FB-B4ED-920D20FCC897}.Debug|x86.ActiveCfg = Debug|x64
		{554C805E-44A4-42FB-B4ED-920D20FCC897}.Debug|x86.Build.0 = Debug|x64
		{554C805E-44A4-42FB-B4ED-920D20FCC897}.Release|Any CPU.ActiveCfg = Release|x64
		{554C805E-44A4-42FB-B4ED-920D20FCC897}.Release|Any CPU.Build.0 = Release|x64
		{554C805E-44A4-42FB-B4ED-920D20FCC897}.Release|x64.ActiveCfg = Release|x64
		{554C805E-44A4-42FB-B4ED-920D20FCC897}.Release|x64.Build.0 = Release|x64
		{554C805E-44A4-42FB-B4ED-920D20FCC897}.Release|x86.ActiveCfg = Release|x64
		{554C805E-44A4-42FB-B4ED-920D20FCC897}.Release|x86.Build.0 = Release|x64
		{AE5C5D61-0FB0-42DC-A2B9-5BC17EB79E13}.Debug|Any CPU.ActiveCfg = Debug|x64
		{AE5C5D61-0FB0-42DC-A2B9-5BC17EB79E13}.Debug|Any CPU.Build.0 = Debug|x64
		{AE5C5D61-0FB0-42DC-A2B9-5BC17EB79E13}.Debug|x64.ActiveCfg = Debug|x64
		{AE5C5D61-0FB0-42DC-A2B9-5BC17EB79E13}.Debug|x64.Build.0 = Debug|x64
		{AE5C5D61-0FB0-42DC-A2B9-5BC17EB79E13}.Debug|x86.ActiveCfg = Debug|x64
		{AE5C5D61-0FB0-42DC-A2B9-5BC17EB79E13}.Debug|x86.Build.0 = Debug|x64
		{AE5C5D61-0FB0-42DC-A2B9-5BC17EB79E13}.Release|Any CPU.ActiveCfg = Release|x64
		{AE5C5D61-0FB0-42DC-A2B9-5BC17EB79E13}.Release|Any CPU.Build.0 = Release|x64
		{AE5C5D61-0FB0-42DC-A2B9-5BC17EB79E13}.Release|x64.ActiveCfg = Release|x64
		{AE5C5D61-0FB0-42DC-A2B9-5BC17EB79E13}.Release|x64.Build.0 = Release|x64
		{AE5C5D61-0FB0-42DC-A2B9-5BC17EB79E13}.Release|x86.ActiveCfg = Release|x64
		{AE5C5D61-0FB0-42DC-A2B9-5BC17EB79E13}.Release|x86.Build.0 = Release|x64
		{43B677D7-720B-42AD-A6AA-105F9C89D81B}.Debug|Any CPU.ActiveCfg = Debug|x64
		{43B677D7-720B-42AD-A6AA-105F9C89D81B}.Debug|Any CPU.Build.0 = Debug|x64
		{43B677D7-720B-42AD-A6AA-105F9C89D81B}.Debug|x64.ActiveCfg = Debug|x64
		{43B677D7-720B-42AD-A6AA-105F9C89D81B}.Debug|x64.Build.0 = Debug|x64
		{43B677D7-720B-42AD-A6AA-105F9C89D81B}.Debug|x86.ActiveCfg = Debug|x64
		{43B677D7-720B-42AD-A6AA-105F9C89D81B}.Debug|x86.Build.0 = Debug|x64
		{43B677D7-720B-42AD-A6AA-105F9C89D81B}.Release|Any CPU.ActiveCfg = Release|x64
		{43B677D7-720B-42AD-A6AA-105F9C89D81B}.Release|Any CPU.Build.0 = Release|x64
		{43B677D7-720B-42AD-A6AA-105F9C89D81B}.Release|x64.ActiveCfg = Release|x64
		{43B677D7-720B-42AD-A6AA-105F9C89D81B}.Release|x64.Build.0 = Release|x64
		{43B677D7-720B-42AD-A6AA-105F9C89D81B}.Release|x86.ActiveCfg = Release|x64
		{43B677D7-720B-42AD-A6AA-105F9C89D81B}.Release|x86.Build.0 = Release|x64
		{0FEADD8A-5995-48F2-AE37-58584041D381}.Debug|Any CPU.ActiveCfg = Debug|x64
		{0FEADD8A-5995-48F2-AE37-58584041D381}.Debug|Any CPU.Build.0 = Debug|x64
		{0FEADD8A-5995-48F2-AE37-58584041D381}.Debug|x64.ActiveCfg = Debug|x64
		{0FEADD8A-5995-48F2-AE37-58584041D381}.Debug|x64.Build.0 = Debug|x64
		{0FEADD8A-5995-48F2-AE37-58584041D381}.Debug|x86.ActiveCfg = Debug|x64
		{0FEADD8A-5995-48F2-AE37-58584041D381}.Debug|x86.Build.0 = Debug|x64
		{0FEADD8A-5995-48F2-AE37-58584041D381}.Release|Any CPU.ActiveCfg = Release|x64
		{0FEADD8A-5995-48F2-AE37-58584041D381}.Release|Any CPU.Build.0 = Release|x64
		{0FEADD8A-5995-48F2-AE37-58584041D381}.Release|x64.ActiveCfg = Release|x64
		{0FEADD8A-5995-48F2-AE37-58584041D381}.Release|x64.Build.0 = Release|x64
		{0FEADD8A-5995-48F2-AE37-58584041D381}.Release|x86.ActiveCfg = Release|x64
		{0FEADD8A-5995-48F2-AE37-58584041D381}.Release|x86.Build.0 = Release|x64
		{40DB447B-C268-49EB-B73D-FC5D89A4576F}.Debug|Any CPU.ActiveCfg = Debug|x64
		{40DB447B-C268-49EB-B73D-FC5D89A4576F}.Debug|Any CPU.Build.0 = Debug|x64
		{40DB447B-C268-49EB-B73D-FC5D89A4576F}.Debug|x64.ActiveCfg = Debug|x64
		{40DB447B-C268-49EB-B73D-FC5D89A4576F}.Debug|x64.Build.0 = Debug|x64
		{40DB447B-C268-49EB-B73D-FC5D89A4576F}.Debug|x86.ActiveCfg = Debug|x64
		{40DB447B-C268-49EB-B73D-FC5D89A4576F}.Debug|x86.Build.0 = Debug|x64
		{40DB447B-C268-49EB-B73D-FC5D89A4576F}.Release|Any CPU.ActiveCfg = Release|x64
		{40DB447B-C268-49EB-B73D-FC5D89A4576F}.Release|Any CPU.Build.0 = Release|x64
		{40DB447B-C268-49EB-B73D-FC5D89A4576F}.Release|x64.ActiveCfg = Release|x64
		{40DB447B-C268-49EB-B73D-FC5D89A4576F}.Release|x64.Build.0 = Release|x64
		{40DB447B-C268-49EB-B73D-FC5D89A4576F}.Release|x86.ActiveCfg = Release|x64
		{40DB447B-C268-49EB-B73D-FC5D89A4576F}.Release|x86.Build.0 = Release|x64
		{6037D68A-4D7F-457C-9813-2585B632BFB8}.Debug|Any CPU.ActiveCfg = Debug|x64
		{6037D68A-4D7F-457C-9813-2585B632BFB8}.Debug|Any CPU.Build.0 = Debug|x64
		{6037D68A-4D7F-457C-9813-2585B632BFB8}.Debug|x64.ActiveCfg = Debug|x64
		{6037D68A-4D7F-457C-9813-2585B632BFB8}.Debug|x64.Build.0 = Debug|x64
		{6037D68A-4D7F-457C-9813-2585B632BFB8}.Debug|x86.ActiveCfg = Debug|x64
		{6037D68A-4D7F-457C-9813-2585B632BFB8}.Debug|x86.Build.0 = Debug|x64
		{6037D68A-4D7F-457C-9813-2585B632BFB8}.Release|Any CPU.ActiveCfg = Release|x64
		{6037D68A-4D7F-457C-9813-2585B632BFB8}.Release|Any CPU.Build.0 = Release|x64
		{6037D68A-4D7F-457C-9813-2585B632BFB8}.Release|x64.ActiveCfg = Release|x64
		{6037D68A-4D7F-457C-9813-2585B632BFB8}.Release|x64.Build.0 = Release|x64
		{6037D68A-4D7F-457C-9813-2585B632BFB8}.Release|x86.ActiveCfg = Release|x64
		{6037D68A-4D7F-457C-9813-2585B632BFB8}.Release|x86.Build.0 = Release|x64
	EndGlobalSection
	GlobalSection(SolutionProperties) = preSolution
		HideSolutionNode = FALSE
	EndGlobalSection
EndGlobal
